
Microsoft Visual Studio Solution File, Format Version 12.00
# Visual Studio Version 16
VisualStudioVersion = 16.0.31019.35
MinimumVisualStudioVersion = 10.0.40219.1
Project("{FAE04EC0-301F-11D3-BF4B-00C04F79EFBC}") = "Lab 4_1", "Lab 4_1\Lab 4_1.csproj", "{31A4C0B4-E72E-4EEF-8199-4D95FAA3C753}"
EndProject
Global
	GlobalSection(SolutionConfigurationPlatforms) = preSolution
		Debug|Any CPU = Debug|Any CPU
		Release|Any CPU = Release|Any CPU
	EndGlobalSection
	GlobalSection(ProjectConfigurationPlatforms) = postSolution
		{31A4C0B4-E72E-4EEF-8199-4D95FAA3C753}.Debug|Any CPU.ActiveCfg = Debug|Any CPU
		{31A4C0B4-E72E-4EEF-8199-4D95FAA3C753}.Debug|Any CPU.Build.0 = Debug|Any CPU
		{31A4C0B4-E72E-4EEF-8199-4D95FAA3C753}.Release|Any CPU.ActiveCfg = Release|Any CPU
		{31A4C0B4-E72E-4EEF-8199-4D95FAA3C753}.Release|Any CPU.Build.0 = Release|Any CPU
	EndGlobalSection
	GlobalSection(SolutionProperties) = preSolution
		HideSolutionNode = FALSE
	EndGlobalSection
	GlobalSection(ExtensibilityGlobals) = postSolution
		SolutionGuid = {3126A712-7592-429D-840D-CF19A0182A93}
	EndGlobalSection
EndGlobal
