
Microsoft Visual Studio Solution File, Format Version 12.00
# Visual Studio Version 16
VisualStudioVersion = 16.0.31019.35
MinimumVisualStudioVersion = 10.0.40219.1
Project("{FAE04EC0-301F-11D3-BF4B-00C04F79EFBC}") = "Lab2-string", "Lab2-string\Lab2-string.csproj", "{C9698803-6E30-4203-8B8D-06728071FAF0}"
EndProject
Global
	GlobalSection(SolutionConfigurationPlatforms) = preSolution
		Debug|Any CPU = Debug|Any CPU
		Release|Any CPU = Release|Any CPU
	EndGlobalSection
	GlobalSection(ProjectConfigurationPlatforms) = postSolution
		{C9698803-6E30-4203-8B8D-06728071FAF0}.Debug|Any CPU.ActiveCfg = Debug|Any CPU
		{C9698803-6E30-4203-8B8D-06728071FAF0}.Debug|Any CPU.Build.0 = Debug|Any CPU
		{C9698803-6E30-4203-8B8D-06728071FAF0}.Release|Any CPU.ActiveCfg = Release|Any CPU
		{C9698803-6E30-4203-8B8D-06728071FAF0}.Release|Any CPU.Build.0 = Release|Any CPU
	EndGlobalSection
	GlobalSection(SolutionProperties) = preSolution
		HideSolutionNode = FALSE
	EndGlobalSection
	GlobalSection(ExtensibilityGlobals) = postSolution
		SolutionGuid = {0A6572C1-17CC-404C-80CB-C487931FE581}
	EndGlobalSection
EndGlobal
