
Microsoft Visual Studio Solution File, Format Version 12.00
# Visual Studio Version 16
VisualStudioVersion = 16.0.31019.35
MinimumVisualStudioVersion = 10.0.40219.1
Project("{FAE04EC0-301F-11D3-BF4B-00C04F79EFBC}") = "Lab2_time", "Lab2_time\Lab2_time.csproj", "{79062DB2-FD22-416A-909F-38FF778453E2}"
EndProject
Global
	GlobalSection(SolutionConfigurationPlatforms) = preSolution
		Debug|Any CPU = Debug|Any CPU
		Release|Any CPU = Release|Any CPU
	EndGlobalSection
	GlobalSection(ProjectConfigurationPlatforms) = postSolution
		{79062DB2-FD22-416A-909F-38FF778453E2}.Debug|Any CPU.ActiveCfg = Debug|Any CPU
		{79062DB2-FD22-416A-909F-38FF778453E2}.Debug|Any CPU.Build.0 = Debug|Any CPU
		{79062DB2-FD22-416A-909F-38FF778453E2}.Release|Any CPU.ActiveCfg = Release|Any CPU
		{79062DB2-FD22-416A-909F-38FF778453E2}.Release|Any CPU.Build.0 = Release|Any CPU
	EndGlobalSection
	GlobalSection(SolutionProperties) = preSolution
		HideSolutionNode = FALSE
	EndGlobalSection
	GlobalSection(ExtensibilityGlobals) = postSolution
		SolutionGuid = {3AA28CEE-1B8F-4266-831F-F3350A38B02E}
	EndGlobalSection
EndGlobal
